// !$*UTF8*$!
{
	archiveVersion = 1;
	classes = {
	};
	objectVersion = 50;
	objects = {

/* Begin PBXBuildFile section */
		E4432266260D3331002206F5 /* FitQuest_V1App.swift in Sources */ = {isa = PBXBuildFile; fileRef = E4432265260D3331002206F5 /* FitQuest_V1App.swift */; };
		E4432268260D3331002206F5 /* ContentView.swift in Sources */ = {isa = PBXBuildFile; fileRef = E4432267260D3331002206F5 /* ContentView.swift */; };
		E443226A260D3332002206F5 /* Assets.xcassets in Resources */ = {isa = PBXBuildFile; fileRef = E4432269260D3332002206F5 /* Assets.xcassets */; };
		E443226D260D3332002206F5 /* Preview Assets.xcassets in Resources */ = {isa = PBXBuildFile; fileRef = E443226C260D3332002206F5 /* Preview Assets.xcassets */; };
		E4432277260D562A002206F5 /* MainLanding.swift in Sources */ = {isa = PBXBuildFile; fileRef = E4432276260D562A002206F5 /* MainLanding.swift */; };
		E4432279260D5B38002206F5 /* SocialHub.swift in Sources */ = {isa = PBXBuildFile; fileRef = E4432278260D5B38002206F5 /* SocialHub.swift */; };
		E443227B260D5BE2002206F5 /* Tournament.swift in Sources */ = {isa = PBXBuildFile; fileRef = E443227A260D5BE2002206F5 /* Tournament.swift */; };
		E443227D260D5CEB002206F5 /* Stats.swift in Sources */ = {isa = PBXBuildFile; fileRef = E443227C260D5CEB002206F5 /* Stats.swift */; };
		E443227F260D5CFA002206F5 /* Settings.swift in Sources */ = {isa = PBXBuildFile; fileRef = E443227E260D5CFA002206F5 /* Settings.swift */; };
		E4432281260D5EAF002206F5 /* CharacterCreation.swift in Sources */ = {isa = PBXBuildFile; fileRef = E4432280260D5EAF002206F5 /* CharacterCreation.swift */; };
		E4432285260D6045002206F5 /* NewsFeed.swift in Sources */ = {isa = PBXBuildFile; fileRef = E4432284260D6045002206F5 /* NewsFeed.swift */; };
		E4432287260D6052002206F5 /* DirectMessages.swift in Sources */ = {isa = PBXBuildFile; fileRef = E4432286260D6052002206F5 /* DirectMessages.swift */; };
		E4432289260D6068002206F5 /* GroupCenter.swift in Sources */ = {isa = PBXBuildFile; fileRef = E4432288260D6068002206F5 /* GroupCenter.swift */; };
/* End PBXBuildFile section */

/* Begin PBXFileReference section */
		E4432262260D3331002206F5 /* FitQuest_V1.app */ = {isa = PBXFileReference; explicitFileType = wrapper.application; includeInIndex = 0; path = FitQuest_V1.app; sourceTree = BUILT_PRODUCTS_DIR; };
		E4432265260D3331002206F5 /* FitQuest_V1App.swift */ = {isa = PBXFileReference; lastKnownFileType = sourcecode.swift; path = FitQuest_V1App.swift; sourceTree = "<group>"; };
		E4432267260D3331002206F5 /* ContentView.swift */ = {isa = PBXFileReference; lastKnownFileType = sourcecode.swift; path = ContentView.swift; sourceTree = "<group>"; };
		E4432269260D3332002206F5 /* Assets.xcassets */ = {isa = PBXFileReference; lastKnownFileType = folder.assetcatalog; path = Assets.xcassets; sourceTree = "<group>"; };
		E443226C260D3332002206F5 /* Preview Assets.xcassets */ = {isa = PBXFileReference; lastKnownFileType = folder.assetcatalog; path = "Preview Assets.xcassets"; sourceTree = "<group>"; };
		E443226E260D3333002206F5 /* Info.plist */ = {isa = PBXFileReference; lastKnownFileType = text.plist.xml; path = Info.plist; sourceTree = "<group>"; };
		E4432276260D562A002206F5 /* MainLanding.swift */ = {isa = PBXFileReference; lastKnownFileType = sourcecode.swift; path = MainLanding.swift; sourceTree = "<group>"; };
		E4432278260D5B38002206F5 /* SocialHub.swift */ = {isa = PBXFileReference; lastKnownFileType = sourcecode.swift; path = SocialHub.swift; sourceTree = "<group>"; };
		E443227A260D5BE2002206F5 /* Tournament.swift */ = {isa = PBXFileReference; lastKnownFileType = sourcecode.swift; path = Tournament.swift; sourceTree = "<group>"; };
		E443227C260D5CEB002206F5 /* Stats.swift */ = {isa = PBXFileReference; lastKnownFileType = sourcecode.swift; path = Stats.swift; sourceTree = "<group>"; };
		E443227E260D5CFA002206F5 /* Settings.swift */ = {isa = PBXFileReference; lastKnownFileType = sourcecode.swift; path = Settings.swift; sourceTree = "<group>"; };
		E4432280260D5EAF002206F5 /* CharacterCreation.swift */ = {isa = PBXFileReference; lastKnownFileType = sourcecode.swift; path = CharacterCreation.swift; sourceTree = "<group>"; };
		E4432284260D6045002206F5 /* NewsFeed.swift */ = {isa = PBXFileReference; lastKnownFileType = sourcecode.swift; path = NewsFeed.swift; sourceTree = "<group>"; };
		E4432286260D6052002206F5 /* DirectMessages.swift */ = {isa = PBXFileReference; lastKnownFileType = sourcecode.swift; path = DirectMessages.swift; sourceTree = "<group>"; };
		E4432288260D6068002206F5 /* GroupCenter.swift */ = {isa = PBXFileReference; lastKnownFileType = sourcecode.swift; path = GroupCenter.swift; sourceTree = "<group>"; };
/* End PBXFileReference section */

/* Begin PBXFrameworksBuildPhase section */
		E443225F260D3331002206F5 /* Frameworks */ = {
			isa = PBXFrameworksBuildPhase;
			buildActionMask = 2147483647;
			files = (
			);
			runOnlyForDeploymentPostprocessing = 0;
		};
/* End PBXFrameworksBuildPhase section */

/* Begin PBXGroup section */
		E4432259260D3331002206F5 = {
			isa = PBXGroup;
			children = (
				E4432264260D3331002206F5 /* FitQuest_V1 */,
				E4432263260D3331002206F5 /* Products */,
			);
			sourceTree = "<group>";
		};
		E4432263260D3331002206F5 /* Products */ = {
			isa = PBXGroup;
			children = (
				E4432262260D3331002206F5 /* FitQuest_V1.app */,
			);
			name = Products;
			sourceTree = "<group>";
		};
		E4432264260D3331002206F5 /* FitQuest_V1 */ = {
			isa = PBXGroup;
			children = (
				E443228A260D6095002206F5 /* Social Pages */,
				E4432265260D3331002206F5 /* FitQuest_V1App.swift */,
				E4432267260D3331002206F5 /* ContentView.swift */,
				E4432276260D562A002206F5 /* MainLanding.swift */,
				E4432280260D5EAF002206F5 /* CharacterCreation.swift */,
				E443227C260D5CEB002206F5 /* Stats.swift */,
				E443227E260D5CFA002206F5 /* Settings.swift */,
				E443227A260D5BE2002206F5 /* Tournament.swift */,
				E4432269260D3332002206F5 /* Assets.xcassets */,
				E443226E260D3333002206F5 /* Info.plist */,
				E443226B260D3332002206F5 /* Preview Content */,
			);
			path = FitQuest_V1;
			sourceTree = "<group>";
		};
		E443226B260D3332002206F5 /* Preview Content */ = {
			isa = PBXGroup;
			children = (
				E443226C260D3332002206F5 /* Preview Assets.xcassets */,
			);
			path = "Preview Content";
			sourceTree = "<group>";
		};
		E443228A260D6095002206F5 /* Social Pages */ = {
			isa = PBXGroup;
			children = (
				E4432278260D5B38002206F5 /* SocialHub.swift */,
				E4432288260D6068002206F5 /* GroupCenter.swift */,
				E4432286260D6052002206F5 /* DirectMessages.swift */,
				E4432284260D6045002206F5 /* NewsFeed.swift */,
			);
			path = "Social Pages";
			sourceTree = "<group>";
		};
/* End PBXGroup section */

/* Begin PBXNativeTarget section */
		E4432261260D3331002206F5 /* FitQuest_V1 */ = {
			isa = PBXNativeTarget;
			buildConfigurationList = E4432271260D3333002206F5 /* Build configuration list for PBXNativeTarget "FitQuest_V1" */;
			buildPhases = (
				E443225E260D3331002206F5 /* Sources */,
				E443225F260D3331002206F5 /* Frameworks */,
				E4432260260D3331002206F5 /* Resources */,
			);
			buildRules = (
			);
			dependencies = (
			);
			name = FitQuest_V1;
			productName = FitQuest_V1;
			productReference = E4432262260D3331002206F5 /* FitQuest_V1.app */;
			productType = "com.apple.product-type.application";
		};
/* End PBXNativeTarget section */

/* Begin PBXProject section */
		E443225A260D3331002206F5 /* Project object */ = {
			isa = PBXProject;
			attributes = {
				LastSwiftUpdateCheck = 1250;
				LastUpgradeCheck = 1250;
				TargetAttributes = {
					E4432261260D3331002206F5 = {
						CreatedOnToolsVersion = 12.5;
					};
				};
			};
			buildConfigurationList = E443225D260D3331002206F5 /* Build configuration list for PBXProject "FitQuest_V1" */;
			compatibilityVersion = "Xcode 9.3";
			developmentRegion = en;
			hasScannedForEncodings = 0;
			knownRegions = (
				en,
				Base,
			);
			mainGroup = E4432259260D3331002206F5;
			productRefGroup = E4432263260D3331002206F5 /* Products */;
			projectDirPath = "";
			projectRoot = "";
			targets = (
				E4432261260D3331002206F5 /* FitQuest_V1 */,
			);
		};
/* End PBXProject section */

/* Begin PBXResourcesBuildPhase section */
		E4432260260D3331002206F5 /* Resources */ = {
			isa = PBXResourcesBuildPhase;
			buildActionMask = 2147483647;
			files = (
				E443226D260D3332002206F5 /* Preview Assets.xcassets in Resources */,
				E443226A260D3332002206F5 /* Assets.xcassets in Resources */,
			);
			runOnlyForDeploymentPostprocessing = 0;
		};
/* End PBXResourcesBuildPhase section */

/* Begin PBXSourcesBuildPhase section */
		E443225E260D3331002206F5 /* Sources */ = {
			isa = PBXSourcesBuildPhase;
			buildActionMask = 2147483647;
			files = (
				E4432287260D6052002206F5 /* DirectMessages.swift in Sources */,
				E4432279260D5B38002206F5 /* SocialHub.swift in Sources */,
				E443227D260D5CEB002206F5 /* Stats.swift in Sources */,
				E4432289260D6068002206F5 /* GroupCenter.swift in Sources */,
				E4432268260D3331002206F5 /* ContentView.swift in Sources */,
				E4432266260D3331002206F5 /* FitQuest_V1App.swift in Sources */,
				E4432281260D5EAF002206F5 /* CharacterCreation.swift in Sources */,
				E443227F260D5CFA002206F5 /* Settings.swift in Sources */,
				E4432285260D6045002206F5 /* NewsFeed.swift in Sources */,
				E4432277260D562A002206F5 /* MainLanding.swift in Sources */,
				E443227B260D5BE2002206F5 /* Tournament.swift in Sources */,
			);
			runOnlyForDeploymentPostprocessing = 0;
		};
/* End PBXSourcesBuildPhase section */

/* Begin XCBuildConfiguration section */
		E443226F260D3333002206F5 /* Debug */ = {
			isa = XCBuildConfiguration;
			buildSettings = {
				ALWAYS_SEARCH_USER_PATHS = NO;
				CLANG_ANALYZER_NONNULL = YES;
				CLANG_ANALYZER_NUMBER_OBJECT_CONVERSION = YES_AGGRESSIVE;
				CLANG_CXX_LANGUAGE_STANDARD = "gnu++14";
				CLANG_CXX_LIBRARY = "libc++";
				CLANG_ENABLE_MODULES = YES;
				CLANG_ENABLE_OBJC_ARC = YES;
				CLANG_ENABLE_OBJC_WEAK = YES;
				CLANG_WARN_BLOCK_CAPTURE_AUTORELEASING = YES;
				CLANG_WARN_BOOL_CONVERSION = YES;
				CLANG_WARN_COMMA = YES;
				CLANG_WARN_CONSTANT_CONVERSION = YES;
				CLANG_WARN_DEPRECATED_OBJC_IMPLEMENTATIONS = YES;
				CLANG_WARN_DIRECT_OBJC_ISA_USAGE = YES_ERROR;
				CLANG_WARN_DOCUMENTATION_COMMENTS = YES;
				CLANG_WARN_EMPTY_BODY = YES;
				CLANG_WARN_ENUM_CONVERSION = YES;
				CLANG_WARN_INFINITE_RECURSION = YES;
				CLANG_WARN_INT_CONVERSION = YES;
				CLANG_WARN_NON_LITERAL_NULL_CONVERSION = YES;
				CLANG_WARN_OBJC_IMPLICIT_RETAIN_SELF = YES;
				CLANG_WARN_OBJC_LITERAL_CONVERSION = YES;
				CLANG_WARN_OBJC_ROOT_CLASS = YES_ERROR;
				CLANG_WARN_QUOTED_INCLUDE_IN_FRAMEWORK_HEADER = YES;
				CLANG_WARN_RANGE_LOOP_ANALYSIS = YES;
				CLANG_WARN_STRICT_PROTOTYPES = YES;
				CLANG_WARN_SUSPICIOUS_MOVE = YES;
				CLANG_WARN_UNGUARDED_AVAILABILITY = YES_AGGRESSIVE;
				CLANG_WARN_UNREACHABLE_CODE = YES;
				CLANG_WARN__DUPLICATE_METHOD_MATCH = YES;
				COPY_PHASE_STRIP = NO;
				DEBUG_INFORMATION_FORMAT = dwarf;
				ENABLE_STRICT_OBJC_MSGSEND = YES;
				ENABLE_TESTABILITY = YES;
				GCC_C_LANGUAGE_STANDARD = gnu11;
				GCC_DYNAMIC_NO_PIC = NO;
				GCC_NO_COMMON_BLOCKS = YES;
				GCC_OPTIMIZATION_LEVEL = 0;
				GCC_PREPROCESSOR_DEFINITIONS = (
					"DEBUG=1",
					"$(inherited)",
				);
				GCC_WARN_64_TO_32_BIT_CONVERSION = YES;
				GCC_WARN_ABOUT_RETURN_TYPE = YES_ERROR;
				GCC_WARN_UNDECLARED_SELECTOR = YES;
				GCC_WARN_UNINITIALIZED_AUTOS = YES_AGGRESSIVE;
				GCC_WARN_UNUSED_FUNCTION = YES;
				GCC_WARN_UNUSED_VARIABLE = YES;
				IPHONEOS_DEPLOYMENT_TARGET = 14.5;
				MTL_ENABLE_DEBUG_INFO = INCLUDE_SOURCE;
				MTL_FAST_MATH = YES;
				ONLY_ACTIVE_ARCH = YES;
				SDKROOT = iphoneos;
				SWIFT_ACTIVE_COMPILATION_CONDITIONS = DEBUG;
				SWIFT_OPTIMIZATION_LEVEL = "-Onone";
			};
			name = Debug;
		};
		E4432270260D3333002206F5 /* Release */ = {
			isa = XCBuildConfiguration;
			buildSettings = {
				ALWAYS_SEARCH_USER_PATHS = NO;
				CLANG_ANALYZER_NONNULL = YES;
				CLANG_ANALYZER_NUMBER_OBJECT_CONVERSION = YES_AGGRESSIVE;
				CLANG_CXX_LANGUAGE_STANDARD = "gnu++14";
				CLANG_CXX_LIBRARY = "libc++";
				CLANG_ENABLE_MODULES = YES;
				CLANG_ENABLE_OBJC_ARC = YES;
				CLANG_ENABLE_OBJC_WEAK = YES;
				CLANG_WARN_BLOCK_CAPTURE_AUTORELEASING = YES;
				CLANG_WARN_BOOL_CONVERSION = YES;
				CLANG_WARN_COMMA = YES;
				CLANG_WARN_CONSTANT_CONVERSION = YES;
				CLANG_WARN_DEPRECATED_OBJC_IMPLEMENTATIONS = YES;
				CLANG_WARN_DIRECT_OBJC_ISA_USAGE = YES_ERROR;
				CLANG_WARN_DOCUMENTATION_COMMENTS = YES;
				CLANG_WARN_EMPTY_BODY = YES;
				CLANG_WARN_ENUM_CONVERSION = YES;
				CLANG_WARN_INFINITE_RECURSION = YES;
				CLANG_WARN_INT_CONVERSION = YES;
				CLANG_WARN_NON_LITERAL_NULL_CONVERSION = YES;
				CLANG_WARN_OBJC_IMPLICIT_RETAIN_SELF = YES;
				CLANG_WARN_OBJC_LITERAL_CONVERSION = YES;
				CLANG_WARN_OBJC_ROOT_CLASS = YES_ERROR;
				CLANG_WARN_QUOTED_INCLUDE_IN_FRAMEWORK_HEADER = YES;
				CLANG_WARN_RANGE_LOOP_ANALYSIS = YES;
				CLANG_WARN_STRICT_PROTOTYPES = YES;
				CLANG_WARN_SUSPICIOUS_MOVE = YES;
				CLANG_WARN_UNGUARDED_AVAILABILITY = YES_AGGRESSIVE;
				CLANG_WARN_UNREACHABLE_CODE = YES;
				CLANG_WARN__DUPLICATE_METHOD_MATCH = YES;
				COPY_PHASE_STRIP = NO;
				DEBUG_INFORMATION_FORMAT = "dwarf-with-dsym";
				ENABLE_NS_ASSERTIONS = NO;
				ENABLE_STRICT_OBJC_MSGSEND = YES;
				GCC_C_LANGUAGE_STANDARD = gnu11;
				GCC_NO_COMMON_BLOCKS = YES;
				GCC_WARN_64_TO_32_BIT_CONVERSION = YES;
				GCC_WARN_ABOUT_RETURN_TYPE = YES_ERROR;
				GCC_WARN_UNDECLARED_SELECTOR = YES;
				GCC_WARN_UNINITIALIZED_AUTOS = YES_AGGRESSIVE;
				GCC_WARN_UNUSED_FUNCTION = YES;
				GCC_WARN_UNUSED_VARIABLE = YES;
				IPHONEOS_DEPLOYMENT_TARGET = 14.5;
				MTL_ENABLE_DEBUG_INFO = NO;
				MTL_FAST_MATH = YES;
				SDKROOT = iphoneos;
				SWIFT_COMPILATION_MODE = wholemodule;
				SWIFT_OPTIMIZATION_LEVEL = "-O";
				VALIDATE_PRODUCT = YES;
			};
			name = Release;
		};
		E4432272260D3333002206F5 /* Debug */ = {
			isa = XCBuildConfiguration;
			buildSettings = {
				ASSETCATALOG_COMPILER_APPICON_NAME = AppIcon;
				ASSETCATALOG_COMPILER_GLOBAL_ACCENT_COLOR_NAME = AccentColor;
				CODE_SIGN_STYLE = Automatic;
				DEVELOPMENT_ASSET_PATHS = "\"FitQuest_V1/Preview Content\"";
				ENABLE_PREVIEWS = YES;
				INFOPLIST_FILE = FitQuest_V1/Info.plist;
				IPHONEOS_DEPLOYMENT_TARGET = 14.0;
				LD_RUNPATH_SEARCH_PATHS = (
					"$(inherited)",
					"@executable_path/Frameworks",
				);
				PRODUCT_BUNDLE_IDENTIFIER = "Sophie-McQuain.FitQuest-V1";
				PRODUCT_NAME = "$(TARGET_NAME)";
				SWIFT_VERSION = 5.0;
				TARGETED_DEVICE_FAMILY = "1,2";
			};
			name = Debug;
		};
		E4432273260D3333002206F5 /* Release */ = {
			isa = XCBuildConfiguration;
			buildSettings = {
				ASSETCATALOG_COMPILER_APPICON_NAME = AppIcon;
				ASSETCATALOG_COMPILER_GLOBAL_ACCENT_COLOR_NAME = AccentColor;
				CODE_SIGN_STYLE = Automatic;
				DEVELOPMENT_ASSET_PATHS = "\"FitQuest_V1/Preview Content\"";
				ENABLE_PREVIEWS = YES;
				INFOPLIST_FILE = FitQuest_V1/Info.plist;
				IPHONEOS_DEPLOYMENT_TARGET = 14.0;
				LD_RUNPATH_SEARCH_PATHS = (
					"$(inherited)",
					"@executable_path/Frameworks",
				);
				PRODUCT_BUNDLE_IDENTIFIER = "Sophie-McQuain.FitQuest-V1";
				PRODUCT_NAME = "$(TARGET_NAME)";
				SWIFT_VERSION = 5.0;
				TARGETED_DEVICE_FAMILY = "1,2";
			};
			name = Release;
		};
/* End XCBuildConfiguration section */

/* Begin XCConfigurationList section */
		E443225D260D3331002206F5 /* Build configuration list for PBXProject "FitQuest_V1" */ = {
			isa = XCConfigurationList;
			buildConfigurations = (
				E443226F260D3333002206F5 /* Debug */,
				E4432270260D3333002206F5 /* Release */,
			);
			defaultConfigurationIsVisible = 0;
			defaultConfigurationName = Release;
		};
		E4432271260D3333002206F5 /* Build configuration list for PBXNativeTarget "FitQuest_V1" */ = {
			isa = XCConfigurationList;
			buildConfigurations = (
				E4432272260D3333002206F5 /* Debug */,
				E4432273260D3333002206F5 /* Release */,
			);
			defaultConfigurationIsVisible = 0;
			defaultConfigurationName = Release;
		};
/* End XCConfigurationList section */
	};
	rootObject = E443225A260D3331002206F5 /* Project object */;
}
